
Microsoft Visual Studio Solution File, Format Version 12.00
# Visual Studio 15
VisualStudioVersion = 15.0.28307.489
MinimumVisualStudioVersion = 10.0.40219.1
Project("{FAE04EC0-301F-11D3-BF4B-00C04F79EFBC}") = "GraphicDataAnalysis", "GraphicDataAnalysis\GraphicDataAnalysis.csproj", "{1DE42309-D051-447D-BA03-30F3B6312A37}"
EndProject
Global
	GlobalSection(SolutionConfigurationPlatforms) = preSolution
		Debug|Any CPU = Debug|Any CPU
		Release|Any CPU = Release|Any CPU
	EndGlobalSection
	GlobalSection(ProjectConfigurationPlatforms) = postSolution
		{1DE42309-D051-447D-BA03-30F3B6312A37}.Debug|Any CPU.ActiveCfg = Debug|Any CPU
		{1DE42309-D051-447D-BA03-30F3B6312A37}.Debug|Any CPU.Build.0 = Debug|Any CPU
		{1DE42309-D051-447D-BA03-30F3B6312A37}.Release|Any CPU.ActiveCfg = Release|Any CPU
		{1DE42309-D051-447D-BA03-30F3B6312A37}.Release|Any CPU.Build.0 = Release|Any CPU
	EndGlobalSection
	GlobalSection(SolutionProperties) = preSolution
		HideSolutionNode = FALSE
	EndGlobalSection
	GlobalSection(ExtensibilityGlobals) = postSolution
		SolutionGuid = {6A7A6C4E-1BE5-49E8-8291-0FD94F751593}
	EndGlobalSection
EndGlobal
